// !$*UTF8*$!
{
	archiveVersion = 1;
	classes = {
	};
	objectVersion = 56;
	objects = {

/* Begin PBXBuildFile section */
		8C023FE42B61969200407765 /* PDF_ReaderApp.swift in Sources */ = {isa = PBXBuildFile; fileRef = 8C023FE32B61969200407765 /* PDF_ReaderApp.swift */; };
		8C023FE62B61969200407765 /* ContentView.swift in Sources */ = {isa = PBXBuildFile; fileRef = 8C023FE52B61969200407765 /* ContentView.swift */; };
		8C023FE82B61969400407765 /* Assets.xcassets in Resources */ = {isa = PBXBuildFile; fileRef = 8C023FE72B61969400407765 /* Assets.xcassets */; };
		8C023FEB2B61969400407765 /* Preview Assets.xcassets in Resources */ = {isa = PBXBuildFile; fileRef = 8C023FEA2B61969400407765 /* Preview Assets.xcassets */; };
		8C023FF52B61969400407765 /* PDF_ReaderTests.swift in Sources */ = {isa = PBXBuildFile; fileRef = 8C023FF42B61969400407765 /* PDF_ReaderTests.swift */; };
		8C023FFF2B61969400407765 /* PDF_ReaderUITests.swift in Sources */ = {isa = PBXBuildFile; fileRef = 8C023FFE2B61969400407765 /* PDF_ReaderUITests.swift */; };
		8C0240012B61969400407765 /* PDF_ReaderUITestsLaunchTests.swift in Sources */ = {isa = PBXBuildFile; fileRef = 8C0240002B61969400407765 /* PDF_ReaderUITestsLaunchTests.swift */; };
/* End PBXBuildFile section */

/* Begin PBXContainerItemProxy section */
		8C023FF12B61969400407765 /* PBXContainerItemProxy */ = {
			isa = PBXContainerItemProxy;
			containerPortal = 8C023FD82B61969200407765 /* Project object */;
			proxyType = 1;
			remoteGlobalIDString = 8C023FDF2B61969200407765;
			remoteInfo = "PDF-Reader";
		};
		8C023FFB2B61969400407765 /* PBXContainerItemProxy */ = {
			isa = PBXContainerItemProxy;
			containerPortal = 8C023FD82B61969200407765 /* Project object */;
			proxyType = 1;
			remoteGlobalIDString = 8C023FDF2B61969200407765;
			remoteInfo = "PDF-Reader";
		};
/* End PBXContainerItemProxy section */

/* Begin PBXFileReference section */
		8C023FE02B61969200407765 /* PDF-Reader.app */ = {isa = PBXFileReference; explicitFileType = wrapper.application; includeInIndex = 0; path = "PDF-Reader.app"; sourceTree = BUILT_PRODUCTS_DIR; };
		8C023FE32B61969200407765 /* PDF_ReaderApp.swift */ = {isa = PBXFileReference; lastKnownFileType = sourcecode.swift; path = PDF_ReaderApp.swift; sourceTree = "<group>"; };
		8C023FE52B61969200407765 /* ContentView.swift */ = {isa = PBXFileReference; lastKnownFileType = sourcecode.swift; path = ContentView.swift; sourceTree = "<group>"; };
		8C023FE72B61969400407765 /* Assets.xcassets */ = {isa = PBXFileReference; lastKnownFileType = folder.assetcatalog; path = Assets.xcassets; sourceTree = "<group>"; };
		8C023FEA2B61969400407765 /* Preview Assets.xcassets */ = {isa = PBXFileReference; lastKnownFileType = folder.assetcatalog; path = "Preview Assets.xcassets"; sourceTree = "<group>"; };
		8C023FF02B61969400407765 /* PDF-ReaderTests.xctest */ = {isa = PBXFileReference; explicitFileType = wrapper.cfbundle; includeInIndex = 0; path = "PDF-ReaderTests.xctest"; sourceTree = BUILT_PRODUCTS_DIR; };
		8C023FF42B61969400407765 /* PDF_ReaderTests.swift */ = {isa = PBXFileReference; lastKnownFileType = sourcecode.swift; path = PDF_ReaderTests.swift; sourceTree = "<group>"; };
		8C023FFA2B61969400407765 /* PDF-ReaderUITests.xctest */ = {isa = PBXFileReference; explicitFileType = wrapper.cfbundle; includeInIndex = 0; path = "PDF-ReaderUITests.xctest"; sourceTree = BUILT_PRODUCTS_DIR; };
		8C023FFE2B61969400407765 /* PDF_ReaderUITests.swift */ = {isa = PBXFileReference; lastKnownFileType = sourcecode.swift; path = PDF_ReaderUITests.swift; sourceTree = "<group>"; };
		8C0240002B61969400407765 /* PDF_ReaderUITestsLaunchTests.swift */ = {isa = PBXFileReference; lastKnownFileType = sourcecode.swift; path = PDF_ReaderUITestsLaunchTests.swift; sourceTree = "<group>"; };
/* End PBXFileReference section */

/* Begin PBXFrameworksBuildPhase section */
		8C023FDD2B61969200407765 /* Frameworks */ = {
			isa = PBXFrameworksBuildPhase;
			buildActionMask = 2147483647;
			files = (
			);
			runOnlyForDeploymentPostprocessing = 0;
		};
		8C023FED2B61969400407765 /* Frameworks */ = {
			isa = PBXFrameworksBuildPhase;
			buildActionMask = 2147483647;
			files = (
			);
			runOnlyForDeploymentPostprocessing = 0;
		};
		8C023FF72B61969400407765 /* Frameworks */ = {
			isa = PBXFrameworksBuildPhase;
			buildActionMask = 2147483647;
			files = (
			);
			runOnlyForDeploymentPostprocessing = 0;
		};
/* End PBXFrameworksBuildPhase section */

/* Begin PBXGroup section */
		8C023FD72B61969200407765 = {
			isa = PBXGroup;
			children = (
				8C023FE22B61969200407765 /* PDF-Reader */,
				8C023FF32B61969400407765 /* PDF-ReaderTests */,
				8C023FFD2B61969400407765 /* PDF-ReaderUITests */,
				8C023FE12B61969200407765 /* Products */,
			);
			sourceTree = "<group>";
		};
		8C023FE12B61969200407765 /* Products */ = {
			isa = PBXGroup;
			children = (
				8C023FE02B61969200407765 /* PDF-Reader.app */,
				8C023FF02B61969400407765 /* PDF-ReaderTests.xctest */,
				8C023FFA2B61969400407765 /* PDF-ReaderUITests.xctest */,
			);
			name = Products;
			sourceTree = "<group>";
		};
		8C023FE22B61969200407765 /* PDF-Reader */ = {
			isa = PBXGroup;
			children = (
				8C023FE32B61969200407765 /* PDF_ReaderApp.swift */,
				8C023FE52B61969200407765 /* ContentView.swift */,
				8C023FE72B61969400407765 /* Assets.xcassets */,
				8C023FE92B61969400407765 /* Preview Content */,
			);
			path = "PDF-Reader";
			sourceTree = "<group>";
		};
		8C023FE92B61969400407765 /* Preview Content */ = {
			isa = PBXGroup;
			children = (
				8C023FEA2B61969400407765 /* Preview Assets.xcassets */,
			);
			path = "Preview Content";
			sourceTree = "<group>";
		};
		8C023FF32B61969400407765 /* PDF-ReaderTests */ = {
			isa = PBXGroup;
			children = (
				8C023FF42B61969400407765 /* PDF_ReaderTests.swift */,
			);
			path = "PDF-ReaderTests";
			sourceTree = "<group>";
		};
		8C023FFD2B61969400407765 /* PDF-ReaderUITests */ = {
			isa = PBXGroup;
			children = (
				8C023FFE2B61969400407765 /* PDF_ReaderUITests.swift */,
				8C0240002B61969400407765 /* PDF_ReaderUITestsLaunchTests.swift */,
			);
			path = "PDF-ReaderUITests";
			sourceTree = "<group>";
		};
/* End PBXGroup section */

/* Begin PBXNativeTarget section */
		8C023FDF2B61969200407765 /* PDF-Reader */ = {
			isa = PBXNativeTarget;
			buildConfigurationList = 8C0240042B61969400407765 /* Build configuration list for PBXNativeTarget "PDF-Reader" */;
			buildPhases = (
				8C023FDC2B61969200407765 /* Sources */,
				8C023FDD2B61969200407765 /* Frameworks */,
				8C023FDE2B61969200407765 /* Resources */,
			);
			buildRules = (
			);
			dependencies = (
			);
			name = "PDF-Reader";
			productName = "PDF-Reader";
			productReference = 8C023FE02B61969200407765 /* PDF-Reader.app */;
			productType = "com.apple.product-type.application";
		};
		8C023FEF2B61969400407765 /* PDF-ReaderTests */ = {
			isa = PBXNativeTarget;
			buildConfigurationList = 8C0240072B61969400407765 /* Build configuration list for PBXNativeTarget "PDF-ReaderTests" */;
			buildPhases = (
				8C023FEC2B61969400407765 /* Sources */,
				8C023FED2B61969400407765 /* Frameworks */,
				8C023FEE2B61969400407765 /* Resources */,
			);
			buildRules = (
			);
			dependencies = (
				8C023FF22B61969400407765 /* PBXTargetDependency */,
			);
			name = "PDF-ReaderTests";
			productName = "PDF-ReaderTests";
			productReference = 8C023FF02B61969400407765 /* PDF-ReaderTests.xctest */;
			productType = "com.apple.product-type.bundle.unit-test";
		};
		8C023FF92B61969400407765 /* PDF-ReaderUITests */ = {
			isa = PBXNativeTarget;
			buildConfigurationList = 8C02400A2B61969400407765 /* Build configuration list for PBXNativeTarget "PDF-ReaderUITests" */;
			buildPhases = (
				8C023FF62B61969400407765 /* Sources */,
				8C023FF72B61969400407765 /* Frameworks */,
				8C023FF82B61969400407765 /* Resources */,
			);
			buildRules = (
			);
			dependencies = (
				8C023FFC2B61969400407765 /* PBXTargetDependency */,
			);
			name = "PDF-ReaderUITests";
			productName = "PDF-ReaderUITests";
			productReference = 8C023FFA2B61969400407765 /* PDF-ReaderUITests.xctest */;
			productType = "com.apple.product-type.bundle.ui-testing";
		};
/* End PBXNativeTarget section */

/* Begin PBXProject section */
		8C023FD82B61969200407765 /* Project object */ = {
			isa = PBXProject;
			attributes = {
				BuildIndependentTargetsInParallel = 1;
				LastSwiftUpdateCheck = 1430;
				LastUpgradeCheck = 1430;
				TargetAttributes = {
					8C023FDF2B61969200407765 = {
						CreatedOnToolsVersion = 14.3.1;
					};
					8C023FEF2B61969400407765 = {
						CreatedOnToolsVersion = 14.3.1;
						TestTargetID = 8C023FDF2B61969200407765;
					};
					8C023FF92B61969400407765 = {
						CreatedOnToolsVersion = 14.3.1;
						TestTargetID = 8C023FDF2B61969200407765;
					};
				};
			};
			buildConfigurationList = 8C023FDB2B61969200407765 /* Build configuration list for PBXProject "PDF-Reader" */;
			compatibilityVersion = "Xcode 14.0";
			developmentRegion = en;
			hasScannedForEncodings = 0;
			knownRegions = (
				en,
				Base,
			);
			mainGroup = 8C023FD72B61969200407765;
			productRefGroup = 8C023FE12B61969200407765 /* Products */;
			projectDirPath = "";
			projectRoot = "";
			targets = (
				8C023FDF2B61969200407765 /* PDF-Reader */,
				8C023FEF2B61969400407765 /* PDF-ReaderTests */,
				8C023FF92B61969400407765 /* PDF-ReaderUITests */,
			);
		};
/* End PBXProject section */

/* Begin PBXResourcesBuildPhase section */
		8C023FDE2B61969200407765 /* Resources */ = {
			isa = PBXResourcesBuildPhase;
			buildActionMask = 2147483647;
			files = (
				8C023FEB2B61969400407765 /* Preview Assets.xcassets in Resources */,
				8C023FE82B61969400407765 /* Assets.xcassets in Resources */,
			);
			runOnlyForDeploymentPostprocessing = 0;
		};
		8C023FEE2B61969400407765 /* Resources */ = {
			isa = PBXResourcesBuildPhase;
			buildActionMask = 2147483647;
			files = (
			);
			runOnlyForDeploymentPostprocessing = 0;
		};
		8C023FF82B61969400407765 /* Resources */ = {
			isa = PBXResourcesBuildPhase;
			buildActionMask = 2147483647;
			files = (
			);
			runOnlyForDeploymentPostprocessing = 0;
		};
/* End PBXResourcesBuildPhase section */

/* Begin PBXSourcesBuildPhase section */
		8C023FDC2B61969200407765 /* Sources */ = {
			isa = PBXSourcesBuildPhase;
			buildActionMask = 2147483647;
			files = (
				8C023FE62B61969200407765 /* ContentView.swift in Sources */,
				8C023FE42B61969200407765 /* PDF_ReaderApp.swift in Sources */,
			);
			runOnlyForDeploymentPostprocessing = 0;
		};
		8C023FEC2B61969400407765 /* Sources */ = {
			isa = PBXSourcesBuildPhase;
			buildActionMask = 2147483647;
			files = (
				8C023FF52B61969400407765 /* PDF_ReaderTests.swift in Sources */,
			);
			runOnlyForDeploymentPostprocessing = 0;
		};
		8C023FF62B61969400407765 /* Sources */ = {
			isa = PBXSourcesBuildPhase;
			buildActionMask = 2147483647;
			files = (
				8C0240012B61969400407765 /* PDF_ReaderUITestsLaunchTests.swift in Sources */,
				8C023FFF2B61969400407765 /* PDF_ReaderUITests.swift in Sources */,
			);
			runOnlyForDeploymentPostprocessing = 0;
		};
/* End PBXSourcesBuildPhase section */

/* Begin PBXTargetDependency section */
		8C023FF22B61969400407765 /* PBXTargetDependency */ = {
			isa = PBXTargetDependency;
			target = 8C023FDF2B61969200407765 /* PDF-Reader */;
			targetProxy = 8C023FF12B61969400407765 /* PBXContainerItemProxy */;
		};
		8C023FFC2B61969400407765 /* PBXTargetDependency */ = {
			isa = PBXTargetDependency;
			target = 8C023FDF2B61969200407765 /* PDF-Reader */;
			targetProxy = 8C023FFB2B61969400407765 /* PBXContainerItemProxy */;
		};
/* End PBXTargetDependency section */

/* Begin XCBuildConfiguration section */
		8C0240022B61969400407765 /* Debug */ = {
			isa = XCBuildConfiguration;
			buildSettings = {
				ALWAYS_SEARCH_USER_PATHS = NO;
				CLANG_ANALYZER_NONNULL = YES;
				CLANG_ANALYZER_NUMBER_OBJECT_CONVERSION = YES_AGGRESSIVE;
				CLANG_CXX_LANGUAGE_STANDARD = "gnu++20";
				CLANG_ENABLE_MODULES = YES;
				CLANG_ENABLE_OBJC_ARC = YES;
				CLANG_ENABLE_OBJC_WEAK = YES;
				CLANG_WARN_BLOCK_CAPTURE_AUTORELEASING = YES;
				CLANG_WARN_BOOL_CONVERSION = YES;
				CLANG_WARN_COMMA = YES;
				CLANG_WARN_CONSTANT_CONVERSION = YES;
				CLANG_WARN_DEPRECATED_OBJC_IMPLEMENTATIONS = YES;
				CLANG_WARN_DIRECT_OBJC_ISA_USAGE = YES_ERROR;
				CLANG_WARN_DOCUMENTATION_COMMENTS = YES;
				CLANG_WARN_EMPTY_BODY = YES;
				CLANG_WARN_ENUM_CONVERSION = YES;
				CLANG_WARN_INFINITE_RECURSION = YES;
				CLANG_WARN_INT_CONVERSION = YES;
				CLANG_WARN_NON_LITERAL_NULL_CONVERSION = YES;
				CLANG_WARN_OBJC_IMPLICIT_RETAIN_SELF = YES;
				CLANG_WARN_OBJC_LITERAL_CONVERSION = YES;
				CLANG_WARN_OBJC_ROOT_CLASS = YES_ERROR;
				CLANG_WARN_QUOTED_INCLUDE_IN_FRAMEWORK_HEADER = YES;
				CLANG_WARN_RANGE_LOOP_ANALYSIS = YES;
				CLANG_WARN_STRICT_PROTOTYPES = YES;
				CLANG_WARN_SUSPICIOUS_MOVE = YES;
				CLANG_WARN_UNGUARDED_AVAILABILITY = YES_AGGRESSIVE;
				CLANG_WARN_UNREACHABLE_CODE = YES;
				CLANG_WARN__DUPLICATE_METHOD_MATCH = YES;
				COPY_PHASE_STRIP = NO;
				DEBUG_INFORMATION_FORMAT = dwarf;
				ENABLE_STRICT_OBJC_MSGSEND = YES;
				ENABLE_TESTABILITY = YES;
				GCC_C_LANGUAGE_STANDARD = gnu11;
				GCC_DYNAMIC_NO_PIC = NO;
				GCC_NO_COMMON_BLOCKS = YES;
				GCC_OPTIMIZATION_LEVEL = 0;
				GCC_PREPROCESSOR_DEFINITIONS = (
					"DEBUG=1",
					"$(inherited)",
				);
				GCC_WARN_64_TO_32_BIT_CONVERSION = YES;
				GCC_WARN_ABOUT_RETURN_TYPE = YES_ERROR;
				GCC_WARN_UNDECLARED_SELECTOR = YES;
				GCC_WARN_UNINITIALIZED_AUTOS = YES_AGGRESSIVE;
				GCC_WARN_UNUSED_FUNCTION = YES;
				GCC_WARN_UNUSED_VARIABLE = YES;
				IPHONEOS_DEPLOYMENT_TARGET = 16.4;
				MTL_ENABLE_DEBUG_INFO = INCLUDE_SOURCE;
				MTL_FAST_MATH = YES;
				ONLY_ACTIVE_ARCH = YES;
				SDKROOT = iphoneos;
				SWIFT_ACTIVE_COMPILATION_CONDITIONS = DEBUG;
				SWIFT_OPTIMIZATION_LEVEL = "-Onone";
			};
			name = Debug;
		};
		8C0240032B61969400407765 /* Release */ = {
			isa = XCBuildConfiguration;
			buildSettings = {
				ALWAYS_SEARCH_USER_PATHS = NO;
				CLANG_ANALYZER_NONNULL = YES;
				CLANG_ANALYZER_NUMBER_OBJECT_CONVERSION = YES_AGGRESSIVE;
				CLANG_CXX_LANGUAGE_STANDARD = "gnu++20";
				CLANG_ENABLE_MODULES = YES;
				CLANG_ENABLE_OBJC_ARC = YES;
				CLANG_ENABLE_OBJC_WEAK = YES;
				CLANG_WARN_BLOCK_CAPTURE_AUTORELEASING = YES;
				CLANG_WARN_BOOL_CONVERSION = YES;
				CLANG_WARN_COMMA = YES;
				CLANG_WARN_CONSTANT_CONVERSION = YES;
				CLANG_WARN_DEPRECATED_OBJC_IMPLEMENTATIONS = YES;
				CLANG_WARN_DIRECT_OBJC_ISA_USAGE = YES_ERROR;
				CLANG_WARN_DOCUMENTATION_COMMENTS = YES;
				CLANG_WARN_EMPTY_BODY = YES;
				CLANG_WARN_ENUM_CONVERSION = YES;
				CLANG_WARN_INFINITE_RECURSION = YES;
				CLANG_WARN_INT_CONVERSION = YES;
				CLANG_WARN_NON_LITERAL_NULL_CONVERSION = YES;
				CLANG_WARN_OBJC_IMPLICIT_RETAIN_SELF = YES;
				CLANG_WARN_OBJC_LITERAL_CONVERSION = YES;
				CLANG_WARN_OBJC_ROOT_CLASS = YES_ERROR;
				CLANG_WARN_QUOTED_INCLUDE_IN_FRAMEWORK_HEADER = YES;
				CLANG_WARN_RANGE_LOOP_ANALYSIS = YES;
				CLANG_WARN_STRICT_PROTOTYPES = YES;
				CLANG_WARN_SUSPICIOUS_MOVE = YES;
				CLANG_WARN_UNGUARDED_AVAILABILITY = YES_AGGRESSIVE;
				CLANG_WARN_UNREACHABLE_CODE = YES;
				CLANG_WARN__DUPLICATE_METHOD_MATCH = YES;
				COPY_PHASE_STRIP = NO;
				DEBUG_INFORMATION_FORMAT = "dwarf-with-dsym";
				ENABLE_NS_ASSERTIONS = NO;
				ENABLE_STRICT_OBJC_MSGSEND = YES;
				GCC_C_LANGUAGE_STANDARD = gnu11;
				GCC_NO_COMMON_BLOCKS = YES;
				GCC_WARN_64_TO_32_BIT_CONVERSION = YES;
				GCC_WARN_ABOUT_RETURN_TYPE = YES_ERROR;
				GCC_WARN_UNDECLARED_SELECTOR = YES;
				GCC_WARN_UNINITIALIZED_AUTOS = YES_AGGRESSIVE;
				GCC_WARN_UNUSED_FUNCTION = YES;
				GCC_WARN_UNUSED_VARIABLE = YES;
				IPHONEOS_DEPLOYMENT_TARGET = 16.4;
				MTL_ENABLE_DEBUG_INFO = NO;
				MTL_FAST_MATH = YES;
				SDKROOT = iphoneos;
				SWIFT_COMPILATION_MODE = wholemodule;
				SWIFT_OPTIMIZATION_LEVEL = "-O";
				VALIDATE_PRODUCT = YES;
			};
			name = Release;
		};
		8C0240052B61969400407765 /* Debug */ = {
			isa = XCBuildConfiguration;
			buildSettings = {
				ASSETCATALOG_COMPILER_APPICON_NAME = AppIcon;
				ASSETCATALOG_COMPILER_GLOBAL_ACCENT_COLOR_NAME = AccentColor;
				CODE_SIGN_STYLE = Automatic;
				CURRENT_PROJECT_VERSION = 1;
				DEVELOPMENT_ASSET_PATHS = "\"PDF-Reader/Preview Content\"";
				ENABLE_PREVIEWS = YES;
				GENERATE_INFOPLIST_FILE = YES;
				INFOPLIST_KEY_UIApplicationSceneManifest_Generation = YES;
				INFOPLIST_KEY_UIApplicationSupportsIndirectInputEvents = YES;
				INFOPLIST_KEY_UILaunchScreen_Generation = YES;
				INFOPLIST_KEY_UISupportedInterfaceOrientations_iPad = "UIInterfaceOrientationPortrait UIInterfaceOrientationPortraitUpsideDown UIInterfaceOrientationLandscapeLeft UIInterfaceOrientationLandscapeRight";
				INFOPLIST_KEY_UISupportedInterfaceOrientations_iPhone = "UIInterfaceOrientationPortrait UIInterfaceOrientationLandscapeLeft UIInterfaceOrientationLandscapeRight";
				LD_RUNPATH_SEARCH_PATHS = (
					"$(inherited)",
					"@executable_path/Frameworks",
				);
				MARKETING_VERSION = 1.0;
				PRODUCT_BUNDLE_IDENTIFIER = "mrm.PDF-Reader";
				PRODUCT_NAME = "$(TARGET_NAME)";
				SWIFT_EMIT_LOC_STRINGS = YES;
				SWIFT_VERSION = 5.0;
				TARGETED_DEVICE_FAMILY = "1,2";
			};
			name = Debug;
		};
		8C0240062B61969400407765 /* Release */ = {
			isa = XCBuildConfiguration;
			buildSettings = {
				ASSETCATALOG_COMPILER_APPICON_NAME = AppIcon;
				ASSETCATALOG_COMPILER_GLOBAL_ACCENT_COLOR_NAME = AccentColor;
				CODE_SIGN_STYLE = Automatic;
				CURRENT_PROJECT_VERSION = 1;
				DEVELOPMENT_ASSET_PATHS = "\"PDF-Reader/Preview Content\"";
				ENABLE_PREVIEWS = YES;
				GENERATE_INFOPLIST_FILE = YES;
				INFOPLIST_KEY_UIApplicationSceneManifest_Generation = YES;
				INFOPLIST_KEY_UIApplicationSupportsIndirectInputEvents = YES;
				INFOPLIST_KEY_UILaunchScreen_Generation = YES;
				INFOPLIST_KEY_UISupportedInterfaceOrientations_iPad = "UIInterfaceOrientationPortrait UIInterfaceOrientationPortraitUpsideDown UIInterfaceOrientationLandscapeLeft UIInterfaceOrientationLandscapeRight";
				INFOPLIST_KEY_UISupportedInterfaceOrientations_iPhone = "UIInterfaceOrientationPortrait UIInterfaceOrientationLandscapeLeft UIInterfaceOrientationLandscapeRight";
				LD_RUNPATH_SEARCH_PATHS = (
					"$(inherited)",
					"@executable_path/Frameworks",
				);
				MARKETING_VERSION = 1.0;
				PRODUCT_BUNDLE_IDENTIFIER = "mrm.PDF-Reader";
				PRODUCT_NAME = "$(TARGET_NAME)";
				SWIFT_EMIT_LOC_STRINGS = YES;
				SWIFT_VERSION = 5.0;
				TARGETED_DEVICE_FAMILY = "1,2";
			};
			name = Release;
		};
		8C0240082B61969400407765 /* Debug */ = {
			isa = XCBuildConfiguration;
			buildSettings = {
				ALWAYS_EMBED_SWIFT_STANDARD_LIBRARIES = YES;
				BUNDLE_LOADER = "$(TEST_HOST)";
				CODE_SIGN_STYLE = Automatic;
				CURRENT_PROJECT_VERSION = 1;
				GENERATE_INFOPLIST_FILE = YES;
				IPHONEOS_DEPLOYMENT_TARGET = 16.4;
				MARKETING_VERSION = 1.0;
				PRODUCT_BUNDLE_IDENTIFIER = "mrm.PDF-ReaderTests";
				PRODUCT_NAME = "$(TARGET_NAME)";
				SWIFT_EMIT_LOC_STRINGS = NO;
				SWIFT_VERSION = 5.0;
				TARGETED_DEVICE_FAMILY = "1,2";
				TEST_HOST = "$(BUILT_PRODUCTS_DIR)/PDF-Reader.app/$(BUNDLE_EXECUTABLE_FOLDER_PATH)/PDF-Reader";
			};
			name = Debug;
		};
		8C0240092B61969400407765 /* Release */ = {
			isa = XCBuildConfiguration;
			buildSettings = {
				ALWAYS_EMBED_SWIFT_STANDARD_LIBRARIES = YES;
				BUNDLE_LOADER = "$(TEST_HOST)";
				CODE_SIGN_STYLE = Automatic;
				CURRENT_PROJECT_VERSION = 1;
				GENERATE_INFOPLIST_FILE = YES;
				IPHONEOS_DEPLOYMENT_TARGET = 16.4;
				MARKETING_VERSION = 1.0;
				PRODUCT_BUNDLE_IDENTIFIER = "mrm.PDF-ReaderTests";
				PRODUCT_NAME = "$(TARGET_NAME)";
				SWIFT_EMIT_LOC_STRINGS = NO;
				SWIFT_VERSION = 5.0;
				TARGETED_DEVICE_FAMILY = "1,2";
				TEST_HOST = "$(BUILT_PRODUCTS_DIR)/PDF-Reader.app/$(BUNDLE_EXECUTABLE_FOLDER_PATH)/PDF-Reader";
			};
			name = Release;
		};
		8C02400B2B61969400407765 /* Debug */ = {
			isa = XCBuildConfiguration;
			buildSettings = {
				ALWAYS_EMBED_SWIFT_STANDARD_LIBRARIES = YES;
				CODE_SIGN_STYLE = Automatic;
				CURRENT_PROJECT_VERSION = 1;
				GENERATE_INFOPLIST_FILE = YES;
				MARKETING_VERSION = 1.0;
				PRODUCT_BUNDLE_IDENTIFIER = "mrm.PDF-ReaderUITests";
				PRODUCT_NAME = "$(TARGET_NAME)";
				SWIFT_EMIT_LOC_STRINGS = NO;
				SWIFT_VERSION = 5.0;
				TARGETED_DEVICE_FAMILY = "1,2";
				TEST_TARGET_NAME = "PDF-Reader";
			};
			name = Debug;
		};
		8C02400C2B61969400407765 /* Release */ = {
			isa = XCBuildConfiguration;
			buildSettings = {
				ALWAYS_EMBED_SWIFT_STANDARD_LIBRARIES = YES;
				CODE_SIGN_STYLE = Automatic;
				CURRENT_PROJECT_VERSION = 1;
				GENERATE_INFOPLIST_FILE = YES;
				MARKETING_VERSION = 1.0;
				PRODUCT_BUNDLE_IDENTIFIER = "mrm.PDF-ReaderUITests";
				PRODUCT_NAME = "$(TARGET_NAME)";
				SWIFT_EMIT_LOC_STRINGS = NO;
				SWIFT_VERSION = 5.0;
				TARGETED_DEVICE_FAMILY = "1,2";
				TEST_TARGET_NAME = "PDF-Reader";
			};
			name = Release;
		};
/* End XCBuildConfiguration section */

/* Begin XCConfigurationList section */
		8C023FDB2B61969200407765 /* Build configuration list for PBXProject "PDF-Reader" */ = {
			isa = XCConfigurationList;
			buildConfigurations = (
				8C0240022B61969400407765 /* Debug */,
				8C0240032B61969400407765 /* Release */,
			);
			defaultConfigurationIsVisible = 0;
			defaultConfigurationName = Release;
		};
		8C0240042B61969400407765 /* Build configuration list for PBXNativeTarget "PDF-Reader" */ = {
			isa = XCConfigurationList;
			buildConfigurations = (
				8C0240052B61969400407765 /* Debug */,
				8C0240062B61969400407765 /* Release */,
			);
			defaultConfigurationIsVisible = 0;
			defaultConfigurationName = Release;
		};
		8C0240072B61969400407765 /* Build configuration list for PBXNativeTarget "PDF-ReaderTests" */ = {
			isa = XCConfigurationList;
			buildConfigurations = (
				8C0240082B61969400407765 /* Debug */,
				8C0240092B61969400407765 /* Release */,
			);
			defaultConfigurationIsVisible = 0;
			defaultConfigurationName = Release;
		};
		8C02400A2B61969400407765 /* Build configuration list for PBXNativeTarget "PDF-ReaderUITests" */ = {
			isa = XCConfigurationList;
			buildConfigurations = (
				8C02400B2B61969400407765 /* Debug */,
				8C02400C2B61969400407765 /* Release */,
			);
			defaultConfigurationIsVisible = 0;
			defaultConfigurationName = Release;
		};
/* End XCConfigurationList section */
	};
	rootObject = 8C023FD82B61969200407765 /* Project object */;
}
